{
    "_readme": [
        "This file locks the dependencies of your project to a known state",
        "Read more about it at https://getcomposer.org/doc/01-basic-usage.md#installing-dependencies",
        "This file is @generated automatically"
    ],
    "content-hash": "c3829c47c513be3edfd01c029115f4c5",
    "packages": [
        {
            "name": "metowolf/meting",
            "version": "v1.5.7",
            "source": {
                "type": "git",
                "url": "https://github.com/metowolf/Meting.git",
                "reference": "54178aa112da5db09f487d862d7ae62cbf7bc060"
            },
            "dist": {
                "type": "zip",
                "url": "https://api.github.com/repos/metowolf/Meting/zipball/54178aa112da5db09f487d862d7ae62cbf7bc060",
                "reference": "54178aa112da5db09f487d862d7ae62cbf7bc060",
                "shasum": ""
            },
            "require": {
                "ext-curl": "*",
                "ext-openssl": "*",
                "php": ">=5.4.0"
            },
            "suggest": {
                "ext-bcmath": "Required to use BC Math calculate RSA.",
                "ext-openssl": "Required to use OpenSSL encrypt params."
            },
            "type": "library",
            "autoload": {
                "psr-4": {
                    "Metowolf\\": "src/"
                }
            },
            "notification-url": "https://packagist.org/downloads/",
            "license": [
                "MIT"
            ],
            "authors": [
                {
                    "name": "metowolf",
                    "email": "i@i-meto.com",
                    "homepage": "https://i-meto.com"
                }
            ],
            "description": "A powerful music API framework to accelerate development.",
            "homepage": "https://github.com/metowolf/Meting",
            "keywords": [
                "lightweight",
                "lighty",
                "music api",
                "php music"
            ],
            "time": "2019-06-16T05:55:00+00:00"
        },
        {
            "name": "wuding/equiv-route",
            "version": "1.1.1",
            "source": {
                "type": "git",
                "url": "https://github.com/wuding/equiv-route.git",
                "reference": "cbd58f2116dbf583076d1754ac782f2ee6ac36e5"
            },
            "dist": {
                "type": "zip",
                "url": "https://api.github.com/repos/wuding/equiv-route/zipball/cbd58f2116dbf583076d1754ac782f2ee6ac36e5",
                "reference": "cbd58f2116dbf583076d1754ac782f2ee6ac36e5",
                "shasum": ""
            },
            "require": {
                "php": ">=5.4.0"
            },
            "type": "library",
            "autoload": {
                "psr-4": {
                    "EquivRoute\\": "src"
                }
            },
            "notification-url": "https://packagist.org/downloads/",
            "time": "2020-05-29T07:16:01+00:00"
        },
        {
            "name": "wuding/magic-cube",
            "version": "1.1.2",
            "source": {
                "type": "git",
                "url": "https://github.com/wuding/magic-cube.git",
                "reference": "431ef00eff3508594e9fc6076e314d69abc2fc6b"
            },
            "dist": {
                "type": "zip",
                "url": "https://api.github.com/repos/wuding/magic-cube/zipball/431ef00eff3508594e9fc6076e314d69abc2fc6b",
                "reference": "431ef00eff3508594e9fc6076e314d69abc2fc6b",
                "shasum": ""
            },
            "require": {
                "php": ">=5.4.0"
            },
            "type": "library",
            "autoload": {
                "psr-4": {
                    "MagicCube\\": "src"
                }
            },
            "notification-url": "https://packagist.org/downloads/",
            "time": "2020-05-29T07:35:54+00:00"
        },
        {
            "name": "wuding/new-ui",
            "version": "1.0.0",
            "source": {
                "type": "git",
                "url": "https://github.com/wuding/new-ui.git",
                "reference": "b643c0c0996bf71cdfc5c1fa948c43e0ccbc90c5"
            },
            "dist": {
                "type": "zip",
                "url": "https://api.github.com/repos/wuding/new-ui/zipball/b643c0c0996bf71cdfc5c1fa948c43e0ccbc90c5",
                "reference": "b643c0c0996bf71cdfc5c1fa948c43e0ccbc90c5",
                "shasum": ""
            },
            "require": {
                "php": ">=5.4.0"
            },
            "type": "library",
            "autoload": {
                "psr-4": {
                    "NewUI\\": "src"
                }
            },
            "notification-url": "https://packagist.org/downloads/",
            "time": "2019-10-21T12:58:54+00:00"
        },
        {
            "name": "wuding/php-ext",
            "version": "1.1.0",
            "source": {
                "type": "git",
                "url": "https://github.com/wuding/php-ext.git",
                "reference": "6132cb827fb5ebbb14fb5b4b7efec6042b30e960"
            },
            "dist": {
                "type": "zip",
                "url": "https://api.github.com/repos/wuding/php-ext/zipball/6132cb827fb5ebbb14fb5b4b7efec6042b30e960",
                "reference": "6132cb827fb5ebbb14fb5b4b7efec6042b30e960",
                "shasum": ""
            },
            "require": {
                "php": ">=5.4.0",
                "wuding/php-func": "^1.0.4"
            },
            "type": "library",
            "autoload": {
                "psr-4": {
                    "Ext\\": "src/"
                },
                "files": [
                    "src/Ext.php"
                ]
            },
            "notification-url": "https://packagist.org/downloads/",
            "license": [
                "Apache-2.0"
            ],
            "authors": [
                {
                    "name": "Benny Wu",
                    "email": "contact@urlnk.com"
                }
            ],
            "description": "PHP Extension Library",
            "time": "2019-10-21T12:55:13+00:00"
        },
        {
            "name": "wuding/php-func",
            "version": "v1.0.4",
            "source": {
                "type": "git",
                "url": "https://github.com/wuding/php-func.git",
                "reference": "0cd031d61c93f596fd810a70b6ddeda47a5a0010"
            },
            "dist": {
                "type": "zip",
                "url": "https://api.github.com/repos/wuding/php-func/zipball/0cd031d61c93f596fd810a70b6ddeda47a5a0010",
                "reference": "0cd031d61c93f596fd810a70b6ddeda47a5a0010",
                "shasum": ""
            },
            "require": {
                "php": ">=5.4.0"
            },
            "type": "library",
            "autoload": {
                "psr-4": {
                    "Func\\X\\": "src/X/",
                    "Func\\": "src/"
                },
                "files": [
                    "src/Func.php"
                ]
            },
            "notification-url": "https://packagist.org/downloads/",
            "license": [
                "BSD-3-Clause"
            ],
            "authors": [
                {
                    "name": "Benny Wu",
                    "email": "contact@urlnk.com"
                }
            ],
            "description": "PHP function polyfill",
            "keywords": [
                "function",
                "polyfill",
                "shim"
            ],
            "time": "2019-09-08T18:49:22+00:00"
        },
        {
            "name": "wuding/topdb",
            "version": "dev-master",
            "source": {
                "type": "git",
                "url": "https://github.com/wuding/topdb.git",
                "reference": "9c5592de5b1ecd813bd54947995ee8b3224a77e8"
            },
            "dist": {
                "type": "zip",
                "url": "https://api.github.com/repos/wuding/topdb/zipball/9c5592de5b1ecd813bd54947995ee8b3224a77e8",
                "reference": "9c5592de5b1ecd813bd54947995ee8b3224a77e8",
                "shasum": ""
            },
            "require": {
                "php": ">=5.4.0"
            },
            "type": "library",
            "autoload": {
                "psr-4": {
                    "Topdb\\": "src"
                }
            },
            "notification-url": "https://packagist.org/downloads/",
            "time": "2020-05-29T07:44:17+00:00"
        }
    ],
    "packages-dev": [],
    "aliases": [],
    "minimum-stability": "stable",
    "stability-flags": {
        "wuding/topdb": 20
    },
    "prefer-stable": false,
    "prefer-lowest": false,
    "platform": [],
    "platform-dev": []
}
